
Microsoft Visual Studio Solution File, Format Version 12.00
# Visual Studio Version 17
VisualStudioVersion = 17.14.36429.23
MinimumVisualStudioVersion = 10.0.40219.1
Project("{FAE04EC0-301F-11D3-BF4B-00C04F79EFBC}") = "MVC.Intro", "MVC.Intro\MVC.Intro.csproj", "{6C3D77FF-2DCE-4778-9476-EB116D62DEF7}"
EndProject
Project("{FAE04EC0-301F-11D3-BF4B-00C04F79EFBC}") = "MVC.Intro.Tests", "MVC.Intro.Tests\MVC.Intro.Tests.csproj", "{82F43ECC-29CD-4963-B1F5-38359D56D18A}"
EndProject
Global
	GlobalSection(SolutionConfigurationPlatforms) = preSolution
		Debug|Any CPU = Debug|Any CPU
		Release|Any CPU = Release|Any CPU
	EndGlobalSection
	GlobalSection(ProjectConfigurationPlatforms) = postSolution
		{6C3D77FF-2DCE-4778-9476-EB116D62DEF7}.Debug|Any CPU.ActiveCfg = Debug|Any CPU
		{6C3D77FF-2DCE-4778-9476-EB116D62DEF7}.Debug|Any CPU.Build.0 = Debug|Any CPU
		{6C3D77FF-2DCE-4778-9476-EB116D62DEF7}.Release|Any CPU.ActiveCfg = Release|Any CPU
		{6C3D77FF-2DCE-4778-9476-EB116D62DEF7}.Release|Any CPU.Build.0 = Release|Any CPU
		{82F43ECC-29CD-4963-B1F5-38359D56D18A}.Debug|Any CPU.ActiveCfg = Debug|Any CPU
		{82F43ECC-29CD-4963-B1F5-38359D56D18A}.Debug|Any CPU.Build.0 = Debug|Any CPU
		{82F43ECC-29CD-4963-B1F5-38359D56D18A}.Release|Any CPU.ActiveCfg = Release|Any CPU
		{82F43ECC-29CD-4963-B1F5-38359D56D18A}.Release|Any CPU.Build.0 = Release|Any CPU
	EndGlobalSection
	GlobalSection(SolutionProperties) = preSolution
		HideSolutionNode = FALSE
	EndGlobalSection
	GlobalSection(ExtensibilityGlobals) = postSolution
		SolutionGuid = {6A4B6026-27C2-4373-A14D-1EB788DF2E8B}
	EndGlobalSection
EndGlobal
